
Microsoft Visual Studio Solution File, Format Version 12.00
# Visual Studio Version 17
VisualStudioVersion = 17.13.35931.197
MinimumVisualStudioVersion = 10.0.40219.1
Project("{FAE04EC0-301F-11D3-BF4B-00C04F79EFBC}") = "Infrastructure", "Backend\Infrastructure\Infrastructure.csproj", "{46BDACEF-CFA1-4A16-82D0-A336E9857DCE}"
EndProject
Project("{FAE04EC0-301F-11D3-BF4B-00C04F79EFBC}") = "Application", "Backend\Application\Application.csproj", "{4017C94B-6193-4652-B5DD-4F0C84AB8BEE}"
EndProject
Project("{FAE04EC0-301F-11D3-BF4B-00C04F79EFBC}") = "Domain", "Backend\Domain\Domain.csproj", "{B58A11D6-3442-484D-A27B-01F38242DCE3}"
EndProject
Project("{FAE04EC0-301F-11D3-BF4B-00C04F79EFBC}") = "Hangfire", "Backend\Hangfire\Hangfire.csproj", "{55F12C3D-C107-429A-8924-34CDA6C54FB0}"
EndProject
Project("{2150E333-8FDC-42A3-9474-1A3956D46DE8}") = "Tests", "Tests", "{02EA681E-C7D8-13C7-8484-4AC65E1B71E8}"
EndProject
Project("{FAE04EC0-301F-11D3-BF4B-00C04F79EFBC}") = "UnitTests", "Backend\UnitTests\UnitTests.csproj", "{AD1EFA37-923A-457C-81B7-E2802A79DB58}"
EndProject
Project("{FAE04EC0-301F-11D3-BF4B-00C04F79EFBC}") = "IntegrationsTests", "IntegrationsTests\IntegrationsTests.csproj", "{DF9683BE-1FCD-4B81-8C24-FDB97ADA90D3}"
EndProject
Global
	GlobalSection(SolutionConfigurationPlatforms) = preSolution
		Debug|Any CPU = Debug|Any CPU
		Release|Any CPU = Release|Any CPU
	EndGlobalSection
	GlobalSection(ProjectConfigurationPlatforms) = postSolution
		{46BDACEF-CFA1-4A16-82D0-A336E9857DCE}.Debug|Any CPU.ActiveCfg = Debug|Any CPU
		{46BDACEF-CFA1-4A16-82D0-A336E9857DCE}.Debug|Any CPU.Build.0 = Debug|Any CPU
		{46BDACEF-CFA1-4A16-82D0-A336E9857DCE}.Release|Any CPU.ActiveCfg = Release|Any CPU
		{46BDACEF-CFA1-4A16-82D0-A336E9857DCE}.Release|Any CPU.Build.0 = Release|Any CPU
		{4017C94B-6193-4652-B5DD-4F0C84AB8BEE}.Debug|Any CPU.ActiveCfg = Debug|Any CPU
		{4017C94B-6193-4652-B5DD-4F0C84AB8BEE}.Debug|Any CPU.Build.0 = Debug|Any CPU
		{4017C94B-6193-4652-B5DD-4F0C84AB8BEE}.Release|Any CPU.ActiveCfg = Release|Any CPU
		{4017C94B-6193-4652-B5DD-4F0C84AB8BEE}.Release|Any CPU.Build.0 = Release|Any CPU
		{B58A11D6-3442-484D-A27B-01F38242DCE3}.Debug|Any CPU.ActiveCfg = Debug|Any CPU
		{B58A11D6-3442-484D-A27B-01F38242DCE3}.Debug|Any CPU.Build.0 = Debug|Any CPU
		{B58A11D6-3442-484D-A27B-01F38242DCE3}.Release|Any CPU.ActiveCfg = Release|Any CPU
		{B58A11D6-3442-484D-A27B-01F38242DCE3}.Release|Any CPU.Build.0 = Release|Any CPU
		{55F12C3D-C107-429A-8924-34CDA6C54FB0}.Debug|Any CPU.ActiveCfg = Debug|Any CPU
		{55F12C3D-C107-429A-8924-34CDA6C54FB0}.Debug|Any CPU.Build.0 = Debug|Any CPU
		{55F12C3D-C107-429A-8924-34CDA6C54FB0}.Release|Any CPU.ActiveCfg = Release|Any CPU
		{55F12C3D-C107-429A-8924-34CDA6C54FB0}.Release|Any CPU.Build.0 = Release|Any CPU
		{AD1EFA37-923A-457C-81B7-E2802A79DB58}.Debug|Any CPU.ActiveCfg = Debug|Any CPU
		{AD1EFA37-923A-457C-81B7-E2802A79DB58}.Debug|Any CPU.Build.0 = Debug|Any CPU
		{AD1EFA37-923A-457C-81B7-E2802A79DB58}.Release|Any CPU.ActiveCfg = Release|Any CPU
		{AD1EFA37-923A-457C-81B7-E2802A79DB58}.Release|Any CPU.Build.0 = Release|Any CPU
		{DF9683BE-1FCD-4B81-8C24-FDB97ADA90D3}.Debug|Any CPU.ActiveCfg = Debug|Any CPU
		{DF9683BE-1FCD-4B81-8C24-FDB97ADA90D3}.Debug|Any CPU.Build.0 = Debug|Any CPU
		{DF9683BE-1FCD-4B81-8C24-FDB97ADA90D3}.Release|Any CPU.ActiveCfg = Release|Any CPU
		{DF9683BE-1FCD-4B81-8C24-FDB97ADA90D3}.Release|Any CPU.Build.0 = Release|Any CPU
	EndGlobalSection
	GlobalSection(SolutionProperties) = preSolution
		HideSolutionNode = FALSE
	EndGlobalSection
	GlobalSection(NestedProjects) = preSolution
		{AD1EFA37-923A-457C-81B7-E2802A79DB58} = {02EA681E-C7D8-13C7-8484-4AC65E1B71E8}
		{DF9683BE-1FCD-4B81-8C24-FDB97ADA90D3} = {02EA681E-C7D8-13C7-8484-4AC65E1B71E8}
	EndGlobalSection
	GlobalSection(ExtensibilityGlobals) = postSolution
		SolutionGuid = {60B37A76-EF89-43D7-AF16-64689420F18A}
	EndGlobalSection
EndGlobal
